
Microsoft Visual Studio Solution File, Format Version 12.00
# Visual Studio Version 17
VisualStudioVersion = 17.0.31903.59
MinimumVisualStudioVersion = 10.0.40219.1
Project("{2150E333-8FDC-42A3-9474-1A3956D46DE8}") = "backend", "backend", "{1AE8ACA6-933B-BF2A-3671-3E2EAC007D16}"
EndProject
Project("{FAE04EC0-301F-11D3-BF4B-00C04F79EFBC}") = "AgentGate.Api", "backend\AgentGate.Api\AgentGate.Api.csproj", "{2169E6D2-592D-4C81-99B3-8D297926CC37}"
EndProject
Project("{FAE04EC0-301F-11D3-BF4B-00C04F79EFBC}") = "AgentGate.Domain", "backend\AgentGate.Domain\AgentGate.Domain.csproj", "{87EF1B7F-3E7F-4151-BA13-32FFC51E0A65}"
EndProject
Project("{FAE04EC0-301F-11D3-BF4B-00C04F79EFBC}") = "AgentGate.Application", "backend\AgentGate.Application\AgentGate.Application.csproj", "{D7FCC142-A341-4366-9540-52173665994C}"
EndProject
Project("{FAE04EC0-301F-11D3-BF4B-00C04F79EFBC}") = "AgentGate.Infrastructure", "backend\AgentGate.Infrastructure\AgentGate.Infrastructure.csproj", "{C34BEE16-C2F5-4AB3-B1DC-9A65B11AE0EB}"
EndProject
Project("{FAE04EC0-301F-11D3-BF4B-00C04F79EFBC}") = "AgentGate.Tests", "backend\AgentGate.Tests\AgentGate.Tests.csproj", "{987A2B05-93F8-4D56-BBC3-480C1DE05C5A}"
EndProject
Global
	GlobalSection(SolutionConfigurationPlatforms) = preSolution
		Debug|Any CPU = Debug|Any CPU
		Debug|x64 = Debug|x64
		Debug|x86 = Debug|x86
		Release|Any CPU = Release|Any CPU
		Release|x64 = Release|x64
		Release|x86 = Release|x86
	EndGlobalSection
	GlobalSection(ProjectConfigurationPlatforms) = postSolution
		{2169E6D2-592D-4C81-99B3-8D297926CC37}.Debug|Any CPU.ActiveCfg = Debug|Any CPU
		{2169E6D2-592D-4C81-99B3-8D297926CC37}.Debug|Any CPU.Build.0 = Debug|Any CPU
		{2169E6D2-592D-4C81-99B3-8D297926CC37}.Debug|x64.ActiveCfg = Debug|Any CPU
		{2169E6D2-592D-4C81-99B3-8D297926CC37}.Debug|x64.Build.0 = Debug|Any CPU
		{2169E6D2-592D-4C81-99B3-8D297926CC37}.Debug|x86.ActiveCfg = Debug|Any CPU
		{2169E6D2-592D-4C81-99B3-8D297926CC37}.Debug|x86.Build.0 = Debug|Any CPU
		{2169E6D2-592D-4C81-99B3-8D297926CC37}.Release|Any CPU.ActiveCfg = Release|Any CPU
		{2169E6D2-592D-4C81-99B3-8D297926CC37}.Release|Any CPU.Build.0 = Release|Any CPU
		{2169E6D2-592D-4C81-99B3-8D297926CC37}.Release|x64.ActiveCfg = Release|Any CPU
		{2169E6D2-592D-4C81-99B3-8D297926CC37}.Release|x64.Build.0 = Release|Any CPU
		{2169E6D2-592D-4C81-99B3-8D297926CC37}.Release|x86.ActiveCfg = Release|Any CPU
		{2169E6D2-592D-4C81-99B3-8D297926CC37}.Release|x86.Build.0 = Release|Any CPU
		{87EF1B7F-3E7F-4151-BA13-32FFC51E0A65}.Debug|Any CPU.ActiveCfg = Debug|Any CPU
		{87EF1B7F-3E7F-4151-BA13-32FFC51E0A65}.Debug|Any CPU.Build.0 = Debug|Any CPU
		{87EF1B7F-3E7F-4151-BA13-32FFC51E0A65}.Debug|x64.ActiveCfg = Debug|Any CPU
		{87EF1B7F-3E7F-4151-BA13-32FFC51E0A65}.Debug|x64.Build.0 = Debug|Any CPU
		{87EF1B7F-3E7F-4151-BA13-32FFC51E0A65}.Debug|x86.ActiveCfg = Debug|Any CPU
		{87EF1B7F-3E7F-4151-BA13-32FFC51E0A65}.Debug|x86.Build.0 = Debug|Any CPU
		{87EF1B7F-3E7F-4151-BA13-32FFC51E0A65}.Release|Any CPU.ActiveCfg = Release|Any CPU
		{87EF1B7F-3E7F-4151-BA13-32FFC51E0A65}.Release|Any CPU.Build.0 = Release|Any CPU
		{87EF1B7F-3E7F-4151-BA13-32FFC51E0A65}.Release|x64.ActiveCfg = Release|Any CPU
		{87EF1B7F-3E7F-4151-BA13-32FFC51E0A65}.Release|x64.Build.0 = Release|Any CPU
		{87EF1B7F-3E7F-4151-BA13-32FFC51E0A65}.Release|x86.ActiveCfg = Release|Any CPU
		{87EF1B7F-3E7F-4151-BA13-32FFC51E0A65}.Release|x86.Build.0 = Release|Any CPU
		{D7FCC142-A341-4366-9540-52173665994C}.Debug|Any CPU.ActiveCfg = Debug|Any CPU
		{D7FCC142-A341-4366-9540-52173665994C}.Debug|Any CPU.Build.0 = Debug|Any CPU
		{D7FCC142-A341-4366-9540-52173665994C}.Debug|x64.ActiveCfg = Debug|Any CPU
		{D7FCC142-A341-4366-9540-52173665994C}.Debug|x64.Build.0 = Debug|Any CPU
		{D7FCC142-A341-4366-9540-52173665994C}.Debug|x86.ActiveCfg = Debug|Any CPU
		{D7FCC142-A341-4366-9540-52173665994C}.Debug|x86.Build.0 = Debug|Any CPU
		{D7FCC142-A341-4366-9540-52173665994C}.Release|Any CPU.ActiveCfg = Release|Any CPU
		{D7FCC142-A341-4366-9540-52173665994C}.Release|Any CPU.Build.0 = Release|Any CPU
		{D7FCC142-A341-4366-9540-52173665994C}.Release|x64.ActiveCfg = Release|Any CPU
		{D7FCC142-A341-4366-9540-52173665994C}.Release|x64.Build.0 = Release|Any CPU
		{D7FCC142-A341-4366-9540-52173665994C}.Release|x86.ActiveCfg = Release|Any CPU
		{D7FCC142-A341-4366-9540-52173665994C}.Release|x86.Build.0 = Release|Any CPU
		{C34BEE16-C2F5-4AB3-B1DC-9A65B11AE0EB}.Debug|Any CPU.ActiveCfg = Debug|Any CPU
		{C34BEE16-C2F5-4AB3-B1DC-9A65B11AE0EB}.Debug|Any CPU.Build.0 = Debug|Any CPU
		{C34BEE16-C2F5-4AB3-B1DC-9A65B11AE0EB}.Debug|x64.ActiveCfg = Debug|Any CPU
		{C34BEE16-C2F5-4AB3-B1DC-9A65B11AE0EB}.Debug|x64.Build.0 = Debug|Any CPU
		{C34BEE16-C2F5-4AB3-B1DC-9A65B11AE0EB}.Debug|x86.ActiveCfg = Debug|Any CPU
		{C34BEE16-C2F5-4AB3-B1DC-9A65B11AE0EB}.Debug|x86.Build.0 = Debug|Any CPU
		{C34BEE16-C2F5-4AB3-B1DC-9A65B11AE0EB}.Release|Any CPU.ActiveCfg = Release|Any CPU
		{C34BEE16-C2F5-4AB3-B1DC-9A65B11AE0EB}.Release|Any CPU.Build.0 = Release|Any CPU
		{C34BEE16-C2F5-4AB3-B1DC-9A65B11AE0EB}.Release|x64.ActiveCfg = Release|Any CPU
		{C34BEE16-C2F5-4AB3-B1DC-9A65B11AE0EB}.Release|x64.Build.0 = Release|Any CPU
		{C34BEE16-C2F5-4AB3-B1DC-9A65B11AE0EB}.Release|x86.ActiveCfg = Release|Any CPU
		{C34BEE16-C2F5-4AB3-B1DC-9A65B11AE0EB}.Release|x86.Build.0 = Release|Any CPU
		{987A2B05-93F8-4D56-BBC3-480C1DE05C5A}.Debug|Any CPU.ActiveCfg = Debug|Any CPU
		{987A2B05-93F8-4D56-BBC3-480C1DE05C5A}.Debug|Any CPU.Build.0 = Debug|Any CPU
		{987A2B05-93F8-4D56-BBC3-480C1DE05C5A}.Debug|x64.ActiveCfg = Debug|Any CPU
		{987A2B05-93F8-4D56-BBC3-480C1DE05C5A}.Debug|x64.Build.0 = Debug|Any CPU
		{987A2B05-93F8-4D56-BBC3-480C1DE05C5A}.Debug|x86.ActiveCfg = Debug|Any CPU
		{987A2B05-93F8-4D56-BBC3-480C1DE05C5A}.Debug|x86.Build.0 = Debug|Any CPU
		{987A2B05-93F8-4D56-BBC3-480C1DE05C5A}.Release|Any CPU.ActiveCfg = Release|Any CPU
		{987A2B05-93F8-4D56-BBC3-480C1DE05C5A}.Release|Any CPU.Build.0 = Release|Any CPU
		{987A2B05-93F8-4D56-BBC3-480C1DE05C5A}.Release|x64.ActiveCfg = Release|Any CPU
		{987A2B05-93F8-4D56-BBC3-480C1DE05C5A}.Release|x64.Build.0 = Release|Any CPU
		{987A2B05-93F8-4D56-BBC3-480C1DE05C5A}.Release|x86.ActiveCfg = Release|Any CPU
		{987A2B05-93F8-4D56-BBC3-480C1DE05C5A}.Release|x86.Build.0 = Release|Any CPU
	EndGlobalSection
	GlobalSection(SolutionProperties) = preSolution
		HideSolutionNode = FALSE
	EndGlobalSection
	GlobalSection(NestedProjects) = preSolution
		{2169E6D2-592D-4C81-99B3-8D297926CC37} = {1AE8ACA6-933B-BF2A-3671-3E2EAC007D16}
		{87EF1B7F-3E7F-4151-BA13-32FFC51E0A65} = {1AE8ACA6-933B-BF2A-3671-3E2EAC007D16}
		{D7FCC142-A341-4366-9540-52173665994C} = {1AE8ACA6-933B-BF2A-3671-3E2EAC007D16}
		{C34BEE16-C2F5-4AB3-B1DC-9A65B11AE0EB} = {1AE8ACA6-933B-BF2A-3671-3E2EAC007D16}
		{987A2B05-93F8-4D56-BBC3-480C1DE05C5A} = {1AE8ACA6-933B-BF2A-3671-3E2EAC007D16}
	EndGlobalSection
EndGlobal
